
Microsoft Visual Studio Solution File, Format Version 12.00
# Visual Studio Version 17
VisualStudioVersion = 17.5.33424.131
MinimumVisualStudioVersion = 10.0.40219.1
Project("{FAE04EC0-301F-11D3-BF4B-00C04F79EFBC}") = "Source", "Source\Source.csproj", "{349A4001-372D-48A9-AA3E-3583D2668BA2}"
EndProject
Global
	GlobalSection(SolutionConfigurationPlatforms) = preSolution
		Debug|Any CPU = Debug|Any CPU
		Release|Any CPU = Release|Any CPU
	EndGlobalSection
	GlobalSection(ProjectConfigurationPlatforms) = postSolution
		{349A4001-372D-48A9-AA3E-3583D2668BA2}.Debug|Any CPU.ActiveCfg = Debug|Any CPU
		{349A4001-372D-48A9-AA3E-3583D2668BA2}.Debug|Any CPU.Build.0 = Debug|Any CPU
		{349A4001-372D-48A9-AA3E-3583D2668BA2}.Release|Any CPU.ActiveCfg = Release|Any CPU
		{349A4001-372D-48A9-AA3E-3583D2668BA2}.Release|Any CPU.Build.0 = Release|Any CPU
	EndGlobalSection
	GlobalSection(SolutionProperties) = preSolution
		HideSolutionNode = FALSE
	EndGlobalSection
	GlobalSection(ExtensibilityGlobals) = postSolution
		SolutionGuid = {B284EA77-84DE-447A-A1BE-742704403732}
	EndGlobalSection
EndGlobal
